
Microsoft Visual Studio Solution File, Format Version 12.00
# Visual Studio Version 17
VisualStudioVersion = 17.14.36717.8 d17.14
MinimumVisualStudioVersion = 10.0.40219.1
Project("{FAE04EC0-301F-11D3-BF4B-00C04F79EFBC}") = "ClassLibrary1", "ClassLibrary1\ClassLibrary1.csproj", "{A6FF6D0E-25F9-4EAC-952B-114F4F87FCAA}"
EndProject
Global
	GlobalSection(SolutionConfigurationPlatforms) = preSolution
		Debug|Any CPU = Debug|Any CPU
		Release|Any CPU = Release|Any CPU
	EndGlobalSection
	GlobalSection(ProjectConfigurationPlatforms) = postSolution
		{A6FF6D0E-25F9-4EAC-952B-114F4F87FCAA}.Debug|Any CPU.ActiveCfg = Debug|Any CPU
		{A6FF6D0E-25F9-4EAC-952B-114F4F87FCAA}.Debug|Any CPU.Build.0 = Debug|Any CPU
		{A6FF6D0E-25F9-4EAC-952B-114F4F87FCAA}.Release|Any CPU.ActiveCfg = Release|Any CPU
		{A6FF6D0E-25F9-4EAC-952B-114F4F87FCAA}.Release|Any CPU.Build.0 = Release|Any CPU
	EndGlobalSection
	GlobalSection(SolutionProperties) = preSolution
		HideSolutionNode = FALSE
	EndGlobalSection
	GlobalSection(ExtensibilityGlobals) = postSolution
		SolutionGuid = {689821B4-A9EB-4A12-AD96-441634B134DB}
	EndGlobalSection
EndGlobal
