
Microsoft Visual Studio Solution File, Format Version 12.00
# Visual Studio Version 17
VisualStudioVersion = 17.14.36717.8 d17.14
MinimumVisualStudioVersion = 10.0.40219.1
Project("{FAE04EC0-301F-11D3-BF4B-00C04F79EFBC}") = "ConsoleApp6", "ConsoleApp6\ConsoleApp6.csproj", "{79CE1062-6442-47B1-A1A2-4A21E0B1C64C}"
EndProject
Global
	GlobalSection(SolutionConfigurationPlatforms) = preSolution
		Debug|Any CPU = Debug|Any CPU
		Release|Any CPU = Release|Any CPU
	EndGlobalSection
	GlobalSection(ProjectConfigurationPlatforms) = postSolution
		{79CE1062-6442-47B1-A1A2-4A21E0B1C64C}.Debug|Any CPU.ActiveCfg = Debug|Any CPU
		{79CE1062-6442-47B1-A1A2-4A21E0B1C64C}.Debug|Any CPU.Build.0 = Debug|Any CPU
		{79CE1062-6442-47B1-A1A2-4A21E0B1C64C}.Release|Any CPU.ActiveCfg = Release|Any CPU
		{79CE1062-6442-47B1-A1A2-4A21E0B1C64C}.Release|Any CPU.Build.0 = Release|Any CPU
	EndGlobalSection
	GlobalSection(SolutionProperties) = preSolution
		HideSolutionNode = FALSE
	EndGlobalSection
	GlobalSection(ExtensibilityGlobals) = postSolution
		SolutionGuid = {D3CABF3E-9457-4B90-BD7E-EE6EA3FC637B}
	EndGlobalSection
EndGlobal
